{
  "name": "ph-static-h5",
  "version": "1.0.19",
  "lockfileVersion": 2,
  "requires": true,
  "packages": {
    "": {
      "name": "ph-static-h5",
      "version": "1.0.19",
      "dependencies": {
        "@capacitor/android": "^5.7.5",
        "@capacitor/app": "^5.0.0",
        "@capacitor/browser": "^5.0.0",
        "@capacitor/clipboard": "^5.0.0",
        "@capacitor/core": "^5.0.0",
        "@capacitor/preferences": "^5.0.0",
        "@capacitor/splash-screen": "^5.0.0",
        "com.adjust.sdk": "4.23.0",
        "cordova-plugin-file": "^8.0.0",
        "cordova-plugin-inappbrowser": "^5.0.0",
        "cordova-plugin-screen-orientation": "^3.0.3",
        "es6-promise-plugin": "^4.2.2",
        "onesignal-cordova-plugin": "^5.0.4"
      }
    },
    "node_modules/@capacitor/android": {
      "version": "5.7.5",
      "resolved": "https://registry.npmjs.org/@capacitor/android/-/android-5.7.5.tgz",
      "integrity": "sha512-VKb9VarGA2hJ8PuLk4EhSq4jvgM+V8JOoNw00WdD6Q4rbgDKSa7WIKTw75sFrNRGiwHSZ99FPvmisJfr1Spk+Q==",
      "peerDependencies": {
        "@capacitor/core": "^5.7.0"
      }
    },
    "node_modules/@capacitor/app": {
      "version": "5.0.6",
      "resolved": "https://registry.npmjs.org/@capacitor/app/-/app-5.0.6.tgz",
      "integrity": "sha512-6ZXVdnNmaYILasC/RjQw+yfTmq2ZO7Q3v5lFcDVfq3PFGnybyYQh+RstBrYri+376OmXOXxBD7E6UxBhrMzXGA==",
      "peerDependencies": {
        "@capacitor/core": "^5.0.0"
      }
    },
    "node_modules/@capacitor/browser": {
      "version": "5.1.0",
      "resolved": "https://registry.npmjs.org/@capacitor/browser/-/browser-5.1.0.tgz",
      "integrity": "sha512-7togqchk2Tvq4SmLaWhcrd4x48ES/GEZsceM+29aun7WhxQEVcDU0cJsVdSU2LNFwNhWgPV2GW90etVd1B3OdQ==",
      "peerDependencies": {
        "@capacitor/core": "^5.0.0"
      }
    },
    "node_modules/@capacitor/clipboard": {
      "version": "5.0.6",
      "resolved": "https://registry.npmjs.org/@capacitor/clipboard/-/clipboard-5.0.6.tgz",
      "integrity": "sha512-VsokRAn+0HVWj6riSRdspczEfqFoHbrhS/XRhGoEPsj0uvYPSufy0Kb2dpnSqkeeElhh2Jvn8jmVAzII2XeR9w==",
      "peerDependencies": {
        "@capacitor/core": "^5.0.0"
      }
    },
    "node_modules/@capacitor/core": {
      "version": "5.7.4",
      "resolved": "https://registry.npmjs.org/@capacitor/core/-/core-5.7.4.tgz",
      "integrity": "sha512-iZBgvx3o4amzKv5ttA+QHB6i7cxK+/mYpCQd1tnSdipg6ZkvfBhg1HkzhEqHk+I7MNur+QwgYDZho9+ycHRwOw==",
      "dependencies": {
        "tslib": "^2.1.0"
      }
    },
    "node_modules/@capacitor/preferences": {
      "version": "5.0.6",
      "resolved": "https://registry.npmjs.org/@capacitor/preferences/-/preferences-5.0.6.tgz",
      "integrity": "sha512-aDe4wGTVSAIue6XXdUFgyz7SGszxK/Ptt/iWTydMpzc1PlZXw1XTTnciM+S+SLLNZFzXlkpXT3wMnh9t0DojUA==",
      "peerDependencies": {
        "@capacitor/core": "^5.0.0"
      }
    },
    "node_modules/@capacitor/splash-screen": {
      "version": "5.0.6",
      "resolved": "https://registry.npmjs.org/@capacitor/splash-screen/-/splash-screen-5.0.6.tgz",
      "integrity": "sha512-9B8wSm89D+LlshFw8B+mjPU8pJNf1WOx2mkMjMvcH0/EqxNaE+ZaO8lPCX+9WvWSEZs3O3l11qiSnOFHeK0t9A==",
      "peerDependencies": {
        "@capacitor/core": "^5.0.0"
      }
    },
    "node_modules/com.adjust.sdk": {
      "version": "4.23.0",
      "resolved": "https://registry.npmjs.org/com.adjust.sdk/-/com.adjust.sdk-4.23.0.tgz",
      "integrity": "sha512-FJ6S2p+t5kQu0DR8hHTSECCxPwjZzlJa2mwX/XQqAMiA8BTBIbsdqFmb0345Lkr3/NmgnOa7LbvVq9J9J+87wQ==",
      "engines": [
        {
          "name": "cordova",
          "version": ">=3.0.0"
        },
        {
          "name": "cordova-ios",
          "version": ">=3.0.0"
        },
        {
          "name": "cordova-android",
          "version": ">=4.0.0"
        }
      ]
    },
    "node_modules/cordova-plugin-file": {
      "version": "8.0.1",
      "resolved": "https://registry.npmjs.org/cordova-plugin-file/-/cordova-plugin-file-8.0.1.tgz",
      "integrity": "sha512-LgFLNQN58xguoJkNc8eGBmg/Vuaah9lY3Nye27OAfWCKalXPRjExIg5r8L3qlfiJxzmzupjrF0M4KdU2Lovm3Q==",
      "engines": {
        "cordovaDependencies": {
          "5.0.0": {
            "cordova-android": ">=6.3.0"
          },
          "7.0.0": {
            "cordova-android": ">=10.0.0"
          },
          "8.0.0": {
            "cordova-android": ">=12.0.0"
          },
          "9.0.0": {
            "cordova": ">100"
          }
        }
      }
    },
    "node_modules/cordova-plugin-inappbrowser": {
      "version": "5.0.0",
      "resolved": "https://registry.npmjs.org/cordova-plugin-inappbrowser/-/cordova-plugin-inappbrowser-5.0.0.tgz",
      "integrity": "sha512-MqnpmUQ/iy6hxtIGDdlIhy8aNi1pNanLATpbnkk7uCqW9YQ4rH/dGK9zESbZ50pUi2A2D2QMjBXNV175TJK5OQ==",
      "engines": {
        "cordovaDependencies": {
          "0.2.3": {
            "cordova": ">=3.1.0"
          },
          "4.0.0": {
            "cordova": ">=3.1.0",
            "cordova-ios": ">=4.0.0"
          },
          "5.0.0": {
            "cordova": ">=9.0.0",
            "cordova-android": ">=9.0.0",
            "cordova-ios": ">=6.0.0"
          },
          "6.0.0": {
            "cordova": ">100"
          }
        }
      }
    },
    "node_modules/cordova-plugin-screen-orientation": {
      "version": "3.0.4",
      "resolved": "https://registry.npmjs.org/cordova-plugin-screen-orientation/-/cordova-plugin-screen-orientation-3.0.4.tgz",
      "integrity": "sha512-AswRuUKJ8J3HycUilTJsIB50aa9TLrwndPNBFG+wfAPhHEqIBF0HaD0q3HbAK7ypgmaj0cvbzk84qP51IcTfrQ==",
      "engines": {
        "cordovaDependencies": {
          "4.0.0": {
            "cordova": ">100"
          }
        }
      }
    },
    "node_modules/es6-promise-plugin": {
      "version": "4.2.2",
      "resolved": "https://registry.npmjs.org/es6-promise-plugin/-/es6-promise-plugin-4.2.2.tgz",
      "integrity": "sha512-uoA4aVplXI9oqUYJFBAVRwAqIN9/n9JgrTAUGX3qPbnSZVE5yY1+6/MsoN5f4xsaPO62WjPHOdtts6okMN6tNA=="
    },
    "node_modules/onesignal-cordova-plugin": {
      "version": "5.0.4",
      "resolved": "https://registry.npmjs.org/onesignal-cordova-plugin/-/onesignal-cordova-plugin-5.0.4.tgz",
      "integrity": "sha512-bCdoc5CZKZftBhyuVHUun+pUO6Qcn0PG71vaglcmLVHcLE6yknp5IwDaly1ztLEySKC9dFsmv02TQy4XnL8GRA==",
      "engines": [
        {
          "name": "cordova-android",
          "version": ">=4.0.0"
        },
        {
          "name": "apple-xcode",
          "version": ">=8.0.0"
        },
        {
          "name": "apple-ios",
          "version": ">=7.0.0"
        },
        {
          "name": "cordova",
          "version": ">=6.4.0"
        },
        {
          "name": "cordova-ios",
          "version": ">=4.3.0"
        }
      ]
    },
    "node_modules/tslib": {
      "version": "2.6.2",
      "resolved": "https://registry.npmjs.org/tslib/-/tslib-2.6.2.tgz",
      "integrity": "sha512-AEYxH93jGFPn/a2iVAwW87VuUIkR1FVUKB77NwMF7nBTDkDrrT/Hpt/IrCJ0QXhW27jTBDcf5ZY7w6RiqTMw2Q=="
    }
  },
  "dependencies": {
    "@capacitor/android": {
      "version": "5.7.5",
      "resolved": "https://registry.npmjs.org/@capacitor/android/-/android-5.7.5.tgz",
      "integrity": "sha512-VKb9VarGA2hJ8PuLk4EhSq4jvgM+V8JOoNw00WdD6Q4rbgDKSa7WIKTw75sFrNRGiwHSZ99FPvmisJfr1Spk+Q==",
      "requires": {}
    },
    "@capacitor/app": {
      "version": "5.0.6",
      "resolved": "https://registry.npmjs.org/@capacitor/app/-/app-5.0.6.tgz",
      "integrity": "sha512-6ZXVdnNmaYILasC/RjQw+yfTmq2ZO7Q3v5lFcDVfq3PFGnybyYQh+RstBrYri+376OmXOXxBD7E6UxBhrMzXGA==",
      "requires": {}
    },
    "@capacitor/browser": {
      "version": "5.1.0",
      "resolved": "https://registry.npmjs.org/@capacitor/browser/-/browser-5.1.0.tgz",
      "integrity": "sha512-7togqchk2Tvq4SmLaWhcrd4x48ES/GEZsceM+29aun7WhxQEVcDU0cJsVdSU2LNFwNhWgPV2GW90etVd1B3OdQ==",
      "requires": {}
    },
    "@capacitor/clipboard": {
      "version": "5.0.6",
      "resolved": "https://registry.npmjs.org/@capacitor/clipboard/-/clipboard-5.0.6.tgz",
      "integrity": "sha512-VsokRAn+0HVWj6riSRdspczEfqFoHbrhS/XRhGoEPsj0uvYPSufy0Kb2dpnSqkeeElhh2Jvn8jmVAzII2XeR9w==",
      "requires": {}
    },
    "@capacitor/core": {
      "version": "5.7.4",
      "resolved": "https://registry.npmjs.org/@capacitor/core/-/core-5.7.4.tgz",
      "integrity": "sha512-iZBgvx3o4amzKv5ttA+QHB6i7cxK+/mYpCQd1tnSdipg6ZkvfBhg1HkzhEqHk+I7MNur+QwgYDZho9+ycHRwOw==",
      "requires": {
        "tslib": "^2.1.0"
      }
    },
    "@capacitor/preferences": {
      "version": "5.0.6",
      "resolved": "https://registry.npmjs.org/@capacitor/preferences/-/preferences-5.0.6.tgz",
      "integrity": "sha512-aDe4wGTVSAIue6XXdUFgyz7SGszxK/Ptt/iWTydMpzc1PlZXw1XTTnciM+S+SLLNZFzXlkpXT3wMnh9t0DojUA==",
      "requires": {}
    },
    "@capacitor/splash-screen": {
      "version": "5.0.6",
      "resolved": "https://registry.npmjs.org/@capacitor/splash-screen/-/splash-screen-5.0.6.tgz",
      "integrity": "sha512-9B8wSm89D+LlshFw8B+mjPU8pJNf1WOx2mkMjMvcH0/EqxNaE+ZaO8lPCX+9WvWSEZs3O3l11qiSnOFHeK0t9A==",
      "requires": {}
    },
    "com.adjust.sdk": {
      "version": "4.23.0",
      "resolved": "https://registry.npmjs.org/com.adjust.sdk/-/com.adjust.sdk-4.23.0.tgz",
      "integrity": "sha512-FJ6S2p+t5kQu0DR8hHTSECCxPwjZzlJa2mwX/XQqAMiA8BTBIbsdqFmb0345Lkr3/NmgnOa7LbvVq9J9J+87wQ=="
    },
    "cordova-plugin-file": {
      "version": "8.0.1",
      "resolved": "https://registry.npmjs.org/cordova-plugin-file/-/cordova-plugin-file-8.0.1.tgz",
      "integrity": "sha512-LgFLNQN58xguoJkNc8eGBmg/Vuaah9lY3Nye27OAfWCKalXPRjExIg5r8L3qlfiJxzmzupjrF0M4KdU2Lovm3Q=="
    },
    "cordova-plugin-inappbrowser": {
      "version": "5.0.0",
      "resolved": "https://registry.npmjs.org/cordova-plugin-inappbrowser/-/cordova-plugin-inappbrowser-5.0.0.tgz",
      "integrity": "sha512-MqnpmUQ/iy6hxtIGDdlIhy8aNi1pNanLATpbnkk7uCqW9YQ4rH/dGK9zESbZ50pUi2A2D2QMjBXNV175TJK5OQ=="
    },
    "cordova-plugin-screen-orientation": {
      "version": "3.0.4",
      "resolved": "https://registry.npmjs.org/cordova-plugin-screen-orientation/-/cordova-plugin-screen-orientation-3.0.4.tgz",
      "integrity": "sha512-AswRuUKJ8J3HycUilTJsIB50aa9TLrwndPNBFG+wfAPhHEqIBF0HaD0q3HbAK7ypgmaj0cvbzk84qP51IcTfrQ=="
    },
    "es6-promise-plugin": {
      "version": "4.2.2",
      "resolved": "https://registry.npmjs.org/es6-promise-plugin/-/es6-promise-plugin-4.2.2.tgz",
      "integrity": "sha512-uoA4aVplXI9oqUYJFBAVRwAqIN9/n9JgrTAUGX3qPbnSZVE5yY1+6/MsoN5f4xsaPO62WjPHOdtts6okMN6tNA=="
    },
    "onesignal-cordova-plugin": {
      "version": "5.0.4",
      "resolved": "https://registry.npmjs.org/onesignal-cordova-plugin/-/onesignal-cordova-plugin-5.0.4.tgz",
      "integrity": "sha512-bCdoc5CZKZftBhyuVHUun+pUO6Qcn0PG71vaglcmLVHcLE6yknp5IwDaly1ztLEySKC9dFsmv02TQy4XnL8GRA=="
    },
    "tslib": {
      "version": "2.6.2",
      "resolved": "https://registry.npmjs.org/tslib/-/tslib-2.6.2.tgz",
      "integrity": "sha512-AEYxH93jGFPn/a2iVAwW87VuUIkR1FVUKB77NwMF7nBTDkDrrT/Hpt/IrCJ0QXhW27jTBDcf5ZY7w6RiqTMw2Q=="
    }
  }
}
